
Microsoft Visual Studio Solution File, Format Version 12.00
# Visual Studio 14
VisualStudioVersion = 14.0.23107.0
MinimumVisualStudioVersion = 10.0.40219.1
Project("{FAE04EC0-301F-11D3-BF4B-00C04F79EFBC}") = "TripSketch", "TripSketch\TripSketch\TripSketch.csproj", "{BF628BDD-8C06-4F08-B868-E330832793F8}"
EndProject
Project("{FAE04EC0-301F-11D3-BF4B-00C04F79EFBC}") = "TripSketch.iOS", "TripSketch\TripSketch.iOS\TripSketch.iOS.csproj", "{9B133F83-4D74-498B-B268-D6854A99CA21}"
EndProject
Project("{FAE04EC0-301F-11D3-BF4B-00C04F79EFBC}") = "TripSketch.WinPhone", "TripSketch\TripSketch.WinPhone\TripSketch.WinPhone.csproj", "{F971AE02-1683-45EB-B58E-330E27B6618C}"
EndProject
Project("{FAE04EC0-301F-11D3-BF4B-00C04F79EFBC}") = "TripSketch.Core", "TripSketch.Core\TripSketch.Core.csproj", "{D4D6A6CE-49A8-4A94-BDC0-428C078D9BAC}"
EndProject
Project("{FAE04EC0-301F-11D3-BF4B-00C04F79EFBC}") = "TripSketch.Mocks", "TripSketch.Mocks\TripSketch.Mocks.csproj", "{FA840060-8A0A-419E-A373-BBEA55206BE4}"
EndProject
Project("{FAE04EC0-301F-11D3-BF4B-00C04F79EFBC}") = "TripSketch.Core.Tests", "TripSketch.Core.Tests\TripSketch.Core.Tests.csproj", "{B19B535B-CEB6-4DE1-A742-5AF4928D154C}"
EndProject
Global
	GlobalSection(SolutionConfigurationPlatforms) = preSolution
		Ad-Hoc|Any CPU = Ad-Hoc|Any CPU
		Ad-Hoc|ARM = Ad-Hoc|ARM
		Ad-Hoc|iPhone = Ad-Hoc|iPhone
		Ad-Hoc|iPhoneSimulator = Ad-Hoc|iPhoneSimulator
		Ad-Hoc|Mixed Platforms = Ad-Hoc|Mixed Platforms
		Ad-Hoc|x86 = Ad-Hoc|x86
		AppStore|Any CPU = AppStore|Any CPU
		AppStore|ARM = AppStore|ARM
		AppStore|iPhone = AppStore|iPhone
		AppStore|iPhoneSimulator = AppStore|iPhoneSimulator
		AppStore|Mixed Platforms = AppStore|Mixed Platforms
		AppStore|x86 = AppStore|x86
		Debug|Any CPU = Debug|Any CPU
		Debug|ARM = Debug|ARM
		Debug|iPhone = Debug|iPhone
		Debug|iPhoneSimulator = Debug|iPhoneSimulator
		Debug|Mixed Platforms = Debug|Mixed Platforms
		Debug|x86 = Debug|x86
		Release|Any CPU = Release|Any CPU
		Release|ARM = Release|ARM
		Release|iPhone = Release|iPhone
		Release|iPhoneSimulator = Release|iPhoneSimulator
		Release|Mixed Platforms = Release|Mixed Platforms
		Release|x86 = Release|x86
	EndGlobalSection
	GlobalSection(ProjectConfigurationPlatforms) = postSolution
		{BF628BDD-8C06-4F08-B868-E330832793F8}.Ad-Hoc|Any CPU.ActiveCfg = Release|Any CPU
		{BF628BDD-8C06-4F08-B868-E330832793F8}.Ad-Hoc|Any CPU.Build.0 = Release|Any CPU
		{BF628BDD-8C06-4F08-B868-E330832793F8}.Ad-Hoc|ARM.ActiveCfg = Release|Any CPU
		{BF628BDD-8C06-4F08-B868-E330832793F8}.Ad-Hoc|iPhone.ActiveCfg = Release|Any CPU
		{BF628BDD-8C06-4F08-B868-E330832793F8}.Ad-Hoc|iPhoneSimulator.ActiveCfg = Release|Any CPU
		{BF628BDD-8C06-4F08-B868-E330832793F8}.Ad-Hoc|Mixed Platforms.ActiveCfg = Release|Any CPU
		{BF628BDD-8C06-4F08-B868-E330832793F8}.Ad-Hoc|Mixed Platforms.Build.0 = Release|Any CPU
		{BF628BDD-8C06-4F08-B868-E330832793F8}.Ad-Hoc|x86.ActiveCfg = Release|Any CPU
		{BF628BDD-8C06-4F08-B868-E330832793F8}.AppStore|Any CPU.ActiveCfg = Release|Any CPU
		{BF628BDD-8C06-4F08-B868-E330832793F8}.AppStore|Any CPU.Build.0 = Release|Any CPU
		{BF628BDD-8C06-4F08-B868-E330832793F8}.AppStore|ARM.ActiveCfg = Release|Any CPU
		{BF628BDD-8C06-4F08-B868-E330832793F8}.AppStore|iPhone.ActiveCfg = Release|Any CPU
		{BF628BDD-8C06-4F08-B868-E330832793F8}.AppStore|iPhoneSimulator.ActiveCfg = Release|Any CPU
		{BF628BDD-8C06-4F08-B868-E330832793F8}.AppStore|Mixed Platforms.ActiveCfg = Release|Any CPU
		{BF628BDD-8C06-4F08-B868-E330832793F8}.AppStore|Mixed Platforms.Build.0 = Release|Any CPU
		{BF628BDD-8C06-4F08-B868-E330832793F8}.AppStore|x86.ActiveCfg = Release|Any CPU
		{BF628BDD-8C06-4F08-B868-E330832793F8}.Debug|Any CPU.ActiveCfg = Debug|Any CPU
		{BF628BDD-8C06-4F08-B868-E330832793F8}.Debug|Any CPU.Build.0 = Debug|Any CPU
		{BF628BDD-8C06-4F08-B868-E330832793F8}.Debug|ARM.ActiveCfg = Debug|Any CPU
		{BF628BDD-8C06-4F08-B868-E330832793F8}.Debug|iPhone.ActiveCfg = Debug|Any CPU
		{BF628BDD-8C06-4F08-B868-E330832793F8}.Debug|iPhone.Build.0 = Debug|Any CPU
		{BF628BDD-8C06-4F08-B868-E330832793F8}.Debug|iPhoneSimulator.ActiveCfg = Debug|Any CPU
		{BF628BDD-8C06-4F08-B868-E330832793F8}.Debug|iPhoneSimulator.Build.0 = Debug|Any CPU
		{BF628BDD-8C06-4F08-B868-E330832793F8}.Debug|Mixed Platforms.ActiveCfg = Debug|Any CPU
		{BF628BDD-8C06-4F08-B868-E330832793F8}.Debug|Mixed Platforms.Build.0 = Debug|Any CPU
		{BF628BDD-8C06-4F08-B868-E330832793F8}.Debug|x86.ActiveCfg = Debug|Any CPU
		{BF628BDD-8C06-4F08-B868-E330832793F8}.Debug|x86.Build.0 = Debug|Any CPU
		{BF628BDD-8C06-4F08-B868-E330832793F8}.Release|Any CPU.ActiveCfg = Release|Any CPU
		{BF628BDD-8C06-4F08-B868-E330832793F8}.Release|Any CPU.Build.0 = Release|Any CPU
		{BF628BDD-8C06-4F08-B868-E330832793F8}.Release|ARM.ActiveCfg = Release|Any CPU
		{BF628BDD-8C06-4F08-B868-E330832793F8}.Release|iPhone.ActiveCfg = Release|Any CPU
		{BF628BDD-8C06-4F08-B868-E330832793F8}.Release|iPhoneSimulator.ActiveCfg = Release|Any CPU
		{BF628BDD-8C06-4F08-B868-E330832793F8}.Release|iPhoneSimulator.Build.0 = Release|Any CPU
		{BF628BDD-8C06-4F08-B868-E330832793F8}.Release|Mixed Platforms.ActiveCfg = Release|Any CPU
		{BF628BDD-8C06-4F08-B868-E330832793F8}.Release|Mixed Platforms.Build.0 = Release|Any CPU
		{BF628BDD-8C06-4F08-B868-E330832793F8}.Release|x86.ActiveCfg = Release|Any CPU
		{BF628BDD-8C06-4F08-B868-E330832793F8}.Release|x86.Build.0 = Release|Any CPU
		{9B133F83-4D74-498B-B268-D6854A99CA21}.Ad-Hoc|Any CPU.ActiveCfg = Ad-Hoc|iPhone
		{9B133F83-4D74-498B-B268-D6854A99CA21}.Ad-Hoc|ARM.ActiveCfg = Ad-Hoc|iPhone
		{9B133F83-4D74-498B-B268-D6854A99CA21}.Ad-Hoc|iPhone.ActiveCfg = Ad-Hoc|iPhone
		{9B133F83-4D74-498B-B268-D6854A99CA21}.Ad-Hoc|iPhone.Build.0 = Ad-Hoc|iPhone
		{9B133F83-4D74-498B-B268-D6854A99CA21}.Ad-Hoc|iPhoneSimulator.ActiveCfg = Ad-Hoc|iPhoneSimulator
		{9B133F83-4D74-498B-B268-D6854A99CA21}.Ad-Hoc|iPhoneSimulator.Build.0 = Ad-Hoc|iPhoneSimulator
		{9B133F83-4D74-498B-B268-D6854A99CA21}.Ad-Hoc|Mixed Platforms.ActiveCfg = Ad-Hoc|iPhone
		{9B133F83-4D74-498B-B268-D6854A99CA21}.Ad-Hoc|Mixed Platforms.Build.0 = Ad-Hoc|iPhone
		{9B133F83-4D74-498B-B268-D6854A99CA21}.Ad-Hoc|x86.ActiveCfg = Ad-Hoc|iPhone
		{9B133F83-4D74-498B-B268-D6854A99CA21}.AppStore|Any CPU.ActiveCfg = AppStore|iPhone
		{9B133F83-4D74-498B-B268-D6854A99CA21}.AppStore|ARM.ActiveCfg = AppStore|iPhone
		{9B133F83-4D74-498B-B268-D6854A99CA21}.AppStore|iPhone.ActiveCfg = AppStore|iPhone
		{9B133F83-4D74-498B-B268-D6854A99CA21}.AppStore|iPhone.Build.0 = AppStore|iPhone
		{9B133F83-4D74-498B-B268-D6854A99CA21}.AppStore|iPhoneSimulator.ActiveCfg = AppStore|iPhoneSimulator
		{9B133F83-4D74-498B-B268-D6854A99CA21}.AppStore|iPhoneSimulator.Build.0 = AppStore|iPhoneSimulator
		{9B133F83-4D74-498B-B268-D6854A99CA21}.AppStore|Mixed Platforms.ActiveCfg = AppStore|iPhone
		{9B133F83-4D74-498B-B268-D6854A99CA21}.AppStore|Mixed Platforms.Build.0 = AppStore|iPhone
		{9B133F83-4D74-498B-B268-D6854A99CA21}.AppStore|x86.ActiveCfg = AppStore|iPhone
		{9B133F83-4D74-498B-B268-D6854A99CA21}.Debug|Any CPU.ActiveCfg = Debug|iPhone
		{9B133F83-4D74-498B-B268-D6854A99CA21}.Debug|ARM.ActiveCfg = Debug|iPhone
		{9B133F83-4D74-498B-B268-D6854A99CA21}.Debug|iPhone.ActiveCfg = Debug|iPhone
		{9B133F83-4D74-498B-B268-D6854A99CA21}.Debug|iPhone.Build.0 = Debug|iPhone
		{9B133F83-4D74-498B-B268-D6854A99CA21}.Debug|iPhoneSimulator.ActiveCfg = Debug|iPhoneSimulator
		{9B133F83-4D74-498B-B268-D6854A99CA21}.Debug|iPhoneSimulator.Build.0 = Debug|iPhoneSimulator
		{9B133F83-4D74-498B-B268-D6854A99CA21}.Debug|Mixed Platforms.ActiveCfg = Debug|iPhone
		{9B133F83-4D74-498B-B268-D6854A99CA21}.Debug|Mixed Platforms.Build.0 = Debug|iPhone
		{9B133F83-4D74-498B-B268-D6854A99CA21}.Debug|x86.ActiveCfg = Debug|iPhone
		{9B133F83-4D74-498B-B268-D6854A99CA21}.Release|Any CPU.ActiveCfg = Release|iPhone
		{9B133F83-4D74-498B-B268-D6854A99CA21}.Release|ARM.ActiveCfg = Release|iPhone
		{9B133F83-4D74-498B-B268-D6854A99CA21}.Release|iPhone.ActiveCfg = Release|iPhone
		{9B133F83-4D74-498B-B268-D6854A99CA21}.Release|iPhone.Build.0 = Release|iPhone
		{9B133F83-4D74-498B-B268-D6854A99CA21}.Release|iPhoneSimulator.ActiveCfg = Release|iPhoneSimulator
		{9B133F83-4D74-498B-B268-D6854A99CA21}.Release|iPhoneSimulator.Build.0 = Release|iPhoneSimulator
		{9B133F83-4D74-498B-B268-D6854A99CA21}.Release|Mixed Platforms.ActiveCfg = Release|iPhone
		{9B133F83-4D74-498B-B268-D6854A99CA21}.Release|Mixed Platforms.Build.0 = Release|iPhone
		{9B133F83-4D74-498B-B268-D6854A99CA21}.Release|x86.ActiveCfg = Release|iPhone
		{F971AE02-1683-45EB-B58E-330E27B6618C}.Ad-Hoc|Any CPU.ActiveCfg = Release|Any CPU
		{F971AE02-1683-45EB-B58E-330E27B6618C}.Ad-Hoc|Any CPU.Build.0 = Release|Any CPU
		{F971AE02-1683-45EB-B58E-330E27B6618C}.Ad-Hoc|Any CPU.Deploy.0 = Release|Any CPU
		{F971AE02-1683-45EB-B58E-330E27B6618C}.Ad-Hoc|ARM.ActiveCfg = Release|ARM
		{F971AE02-1683-45EB-B58E-330E27B6618C}.Ad-Hoc|ARM.Build.0 = Release|ARM
		{F971AE02-1683-45EB-B58E-330E27B6618C}.Ad-Hoc|ARM.Deploy.0 = Release|ARM
		{F971AE02-1683-45EB-B58E-330E27B6618C}.Ad-Hoc|iPhone.ActiveCfg = Release|Any CPU
		{F971AE02-1683-45EB-B58E-330E27B6618C}.Ad-Hoc|iPhoneSimulator.ActiveCfg = Release|Any CPU
		{F971AE02-1683-45EB-B58E-330E27B6618C}.Ad-Hoc|Mixed Platforms.ActiveCfg = Release|x86
		{F971AE02-1683-45EB-B58E-330E27B6618C}.Ad-Hoc|Mixed Platforms.Build.0 = Release|x86
		{F971AE02-1683-45EB-B58E-330E27B6618C}.Ad-Hoc|Mixed Platforms.Deploy.0 = Release|x86
		{F971AE02-1683-45EB-B58E-330E27B6618C}.Ad-Hoc|x86.ActiveCfg = Release|x86
		{F971AE02-1683-45EB-B58E-330E27B6618C}.Ad-Hoc|x86.Build.0 = Release|x86
		{F971AE02-1683-45EB-B58E-330E27B6618C}.Ad-Hoc|x86.Deploy.0 = Release|x86
		{F971AE02-1683-45EB-B58E-330E27B6618C}.AppStore|Any CPU.ActiveCfg = Release|Any CPU
		{F971AE02-1683-45EB-B58E-330E27B6618C}.AppStore|Any CPU.Build.0 = Release|Any CPU
		{F971AE02-1683-45EB-B58E-330E27B6618C}.AppStore|Any CPU.Deploy.0 = Release|Any CPU
		{F971AE02-1683-45EB-B58E-330E27B6618C}.AppStore|ARM.ActiveCfg = Release|ARM
		{F971AE02-1683-45EB-B58E-330E27B6618C}.AppStore|ARM.Build.0 = Release|ARM
		{F971AE02-1683-45EB-B58E-330E27B6618C}.AppStore|ARM.Deploy.0 = Release|ARM
		{F971AE02-1683-45EB-B58E-330E27B6618C}.AppStore|iPhone.ActiveCfg = Release|Any CPU
		{F971AE02-1683-45EB-B58E-330E27B6618C}.AppStore|iPhoneSimulator.ActiveCfg = Release|Any CPU
		{F971AE02-1683-45EB-B58E-330E27B6618C}.AppStore|Mixed Platforms.ActiveCfg = Release|x86
		{F971AE02-1683-45EB-B58E-330E27B6618C}.AppStore|Mixed Platforms.Build.0 = Release|x86
		{F971AE02-1683-45EB-B58E-330E27B6618C}.AppStore|Mixed Platforms.Deploy.0 = Release|x86
		{F971AE02-1683-45EB-B58E-330E27B6618C}.AppStore|x86.ActiveCfg = Release|x86
		{F971AE02-1683-45EB-B58E-330E27B6618C}.AppStore|x86.Build.0 = Release|x86
		{F971AE02-1683-45EB-B58E-330E27B6618C}.AppStore|x86.Deploy.0 = Release|x86
		{F971AE02-1683-45EB-B58E-330E27B6618C}.Debug|Any CPU.ActiveCfg = Debug|Any CPU
		{F971AE02-1683-45EB-B58E-330E27B6618C}.Debug|Any CPU.Build.0 = Debug|Any CPU
		{F971AE02-1683-45EB-B58E-330E27B6618C}.Debug|Any CPU.Deploy.0 = Debug|Any CPU
		{F971AE02-1683-45EB-B58E-330E27B6618C}.Debug|ARM.ActiveCfg = Debug|ARM
		{F971AE02-1683-45EB-B58E-330E27B6618C}.Debug|ARM.Build.0 = Debug|ARM
		{F971AE02-1683-45EB-B58E-330E27B6618C}.Debug|ARM.Deploy.0 = Debug|ARM
		{F971AE02-1683-45EB-B58E-330E27B6618C}.Debug|iPhone.ActiveCfg = Debug|Any CPU
		{F971AE02-1683-45EB-B58E-330E27B6618C}.Debug|iPhoneSimulator.ActiveCfg = Debug|Any CPU
		{F971AE02-1683-45EB-B58E-330E27B6618C}.Debug|Mixed Platforms.ActiveCfg = Debug|x86
		{F971AE02-1683-45EB-B58E-330E27B6618C}.Debug|Mixed Platforms.Build.0 = Debug|x86
		{F971AE02-1683-45EB-B58E-330E27B6618C}.Debug|Mixed Platforms.Deploy.0 = Debug|x86
		{F971AE02-1683-45EB-B58E-330E27B6618C}.Debug|x86.ActiveCfg = Debug|x86
		{F971AE02-1683-45EB-B58E-330E27B6618C}.Debug|x86.Build.0 = Debug|x86
		{F971AE02-1683-45EB-B58E-330E27B6618C}.Debug|x86.Deploy.0 = Debug|x86
		{F971AE02-1683-45EB-B58E-330E27B6618C}.Release|Any CPU.ActiveCfg = Release|Any CPU
		{F971AE02-1683-45EB-B58E-330E27B6618C}.Release|Any CPU.Build.0 = Release|Any CPU
		{F971AE02-1683-45EB-B58E-330E27B6618C}.Release|Any CPU.Deploy.0 = Release|Any CPU
		{F971AE02-1683-45EB-B58E-330E27B6618C}.Release|ARM.ActiveCfg = Release|ARM
		{F971AE02-1683-45EB-B58E-330E27B6618C}.Release|ARM.Build.0 = Release|ARM
		{F971AE02-1683-45EB-B58E-330E27B6618C}.Release|ARM.Deploy.0 = Release|ARM
		{F971AE02-1683-45EB-B58E-330E27B6618C}.Release|iPhone.ActiveCfg = Release|Any CPU
		{F971AE02-1683-45EB-B58E-330E27B6618C}.Release|iPhoneSimulator.ActiveCfg = Release|Any CPU
		{F971AE02-1683-45EB-B58E-330E27B6618C}.Release|Mixed Platforms.ActiveCfg = Release|x86
		{F971AE02-1683-45EB-B58E-330E27B6618C}.Release|Mixed Platforms.Build.0 = Release|x86
		{F971AE02-1683-45EB-B58E-330E27B6618C}.Release|Mixed Platforms.Deploy.0 = Release|x86
		{F971AE02-1683-45EB-B58E-330E27B6618C}.Release|x86.ActiveCfg = Release|x86
		{F971AE02-1683-45EB-B58E-330E27B6618C}.Release|x86.Build.0 = Release|x86
		{F971AE02-1683-45EB-B58E-330E27B6618C}.Release|x86.Deploy.0 = Release|x86
		{D4D6A6CE-49A8-4A94-BDC0-428C078D9BAC}.Ad-Hoc|Any CPU.ActiveCfg = Release|Any CPU
		{D4D6A6CE-49A8-4A94-BDC0-428C078D9BAC}.Ad-Hoc|Any CPU.Build.0 = Release|Any CPU
		{D4D6A6CE-49A8-4A94-BDC0-428C078D9BAC}.Ad-Hoc|ARM.ActiveCfg = Release|Any CPU
		{D4D6A6CE-49A8-4A94-BDC0-428C078D9BAC}.Ad-Hoc|iPhone.ActiveCfg = Release|Any CPU
		{D4D6A6CE-49A8-4A94-BDC0-428C078D9BAC}.Ad-Hoc|iPhoneSimulator.ActiveCfg = Release|Any CPU
		{D4D6A6CE-49A8-4A94-BDC0-428C078D9BAC}.Ad-Hoc|Mixed Platforms.ActiveCfg = Release|Any CPU
		{D4D6A6CE-49A8-4A94-BDC0-428C078D9BAC}.Ad-Hoc|Mixed Platforms.Build.0 = Release|Any CPU
		{D4D6A6CE-49A8-4A94-BDC0-428C078D9BAC}.Ad-Hoc|x86.ActiveCfg = Release|Any CPU
		{D4D6A6CE-49A8-4A94-BDC0-428C078D9BAC}.AppStore|Any CPU.ActiveCfg = Release|Any CPU
		{D4D6A6CE-49A8-4A94-BDC0-428C078D9BAC}.AppStore|Any CPU.Build.0 = Release|Any CPU
		{D4D6A6CE-49A8-4A94-BDC0-428C078D9BAC}.AppStore|ARM.ActiveCfg = Release|Any CPU
		{D4D6A6CE-49A8-4A94-BDC0-428C078D9BAC}.AppStore|iPhone.ActiveCfg = Release|Any CPU
		{D4D6A6CE-49A8-4A94-BDC0-428C078D9BAC}.AppStore|iPhoneSimulator.ActiveCfg = Release|Any CPU
		{D4D6A6CE-49A8-4A94-BDC0-428C078D9BAC}.AppStore|Mixed Platforms.ActiveCfg = Release|Any CPU
		{D4D6A6CE-49A8-4A94-BDC0-428C078D9BAC}.AppStore|Mixed Platforms.Build.0 = Release|Any CPU
		{D4D6A6CE-49A8-4A94-BDC0-428C078D9BAC}.AppStore|x86.ActiveCfg = Release|Any CPU
		{D4D6A6CE-49A8-4A94-BDC0-428C078D9BAC}.Debug|Any CPU.ActiveCfg = Debug|Any CPU
		{D4D6A6CE-49A8-4A94-BDC0-428C078D9BAC}.Debug|Any CPU.Build.0 = Debug|Any CPU
		{D4D6A6CE-49A8-4A94-BDC0-428C078D9BAC}.Debug|ARM.ActiveCfg = Debug|Any CPU
		{D4D6A6CE-49A8-4A94-BDC0-428C078D9BAC}.Debug|iPhone.ActiveCfg = Debug|Any CPU
		{D4D6A6CE-49A8-4A94-BDC0-428C078D9BAC}.Debug|iPhone.Build.0 = Debug|Any CPU
		{D4D6A6CE-49A8-4A94-BDC0-428C078D9BAC}.Debug|iPhoneSimulator.ActiveCfg = Debug|Any CPU
		{D4D6A6CE-49A8-4A94-BDC0-428C078D9BAC}.Debug|iPhoneSimulator.Build.0 = Debug|Any CPU
		{D4D6A6CE-49A8-4A94-BDC0-428C078D9BAC}.Debug|iPhoneSimulator.Deploy.0 = Debug|Any CPU
		{D4D6A6CE-49A8-4A94-BDC0-428C078D9BAC}.Debug|Mixed Platforms.ActiveCfg = Debug|Any CPU
		{D4D6A6CE-49A8-4A94-BDC0-428C078D9BAC}.Debug|Mixed Platforms.Build.0 = Debug|Any CPU
		{D4D6A6CE-49A8-4A94-BDC0-428C078D9BAC}.Debug|x86.ActiveCfg = Debug|Any CPU
		{D4D6A6CE-49A8-4A94-BDC0-428C078D9BAC}.Debug|x86.Build.0 = Debug|Any CPU
		{D4D6A6CE-49A8-4A94-BDC0-428C078D9BAC}.Release|Any CPU.ActiveCfg = Release|Any CPU
		{D4D6A6CE-49A8-4A94-BDC0-428C078D9BAC}.Release|Any CPU.Build.0 = Release|Any CPU
		{D4D6A6CE-49A8-4A94-BDC0-428C078D9BAC}.Release|ARM.ActiveCfg = Release|Any CPU
		{D4D6A6CE-49A8-4A94-BDC0-428C078D9BAC}.Release|iPhone.ActiveCfg = Release|Any CPU
		{D4D6A6CE-49A8-4A94-BDC0-428C078D9BAC}.Release|iPhoneSimulator.ActiveCfg = Release|Any CPU
		{D4D6A6CE-49A8-4A94-BDC0-428C078D9BAC}.Release|iPhoneSimulator.Build.0 = Release|Any CPU
		{D4D6A6CE-49A8-4A94-BDC0-428C078D9BAC}.Release|Mixed Platforms.ActiveCfg = Release|Any CPU
		{D4D6A6CE-49A8-4A94-BDC0-428C078D9BAC}.Release|Mixed Platforms.Build.0 = Release|Any CPU
		{D4D6A6CE-49A8-4A94-BDC0-428C078D9BAC}.Release|x86.ActiveCfg = Release|Any CPU
		{D4D6A6CE-49A8-4A94-BDC0-428C078D9BAC}.Release|x86.Build.0 = Release|Any CPU
		{FA840060-8A0A-419E-A373-BBEA55206BE4}.Ad-Hoc|Any CPU.ActiveCfg = Release|Any CPU
		{FA840060-8A0A-419E-A373-BBEA55206BE4}.Ad-Hoc|Any CPU.Build.0 = Release|Any CPU
		{FA840060-8A0A-419E-A373-BBEA55206BE4}.Ad-Hoc|ARM.ActiveCfg = Release|Any CPU
		{FA840060-8A0A-419E-A373-BBEA55206BE4}.Ad-Hoc|iPhone.ActiveCfg = Release|Any CPU
		{FA840060-8A0A-419E-A373-BBEA55206BE4}.Ad-Hoc|iPhoneSimulator.ActiveCfg = Release|Any CPU
		{FA840060-8A0A-419E-A373-BBEA55206BE4}.Ad-Hoc|Mixed Platforms.ActiveCfg = Release|Any CPU
		{FA840060-8A0A-419E-A373-BBEA55206BE4}.Ad-Hoc|Mixed Platforms.Build.0 = Release|Any CPU
		{FA840060-8A0A-419E-A373-BBEA55206BE4}.Ad-Hoc|x86.ActiveCfg = Release|Any CPU
		{FA840060-8A0A-419E-A373-BBEA55206BE4}.AppStore|Any CPU.ActiveCfg = Release|Any CPU
		{FA840060-8A0A-419E-A373-BBEA55206BE4}.AppStore|Any CPU.Build.0 = Release|Any CPU
		{FA840060-8A0A-419E-A373-BBEA55206BE4}.AppStore|ARM.ActiveCfg = Release|Any CPU
		{FA840060-8A0A-419E-A373-BBEA55206BE4}.AppStore|iPhone.ActiveCfg = Release|Any CPU
		{FA840060-8A0A-419E-A373-BBEA55206BE4}.AppStore|iPhoneSimulator.ActiveCfg = Release|Any CPU
		{FA840060-8A0A-419E-A373-BBEA55206BE4}.AppStore|Mixed Platforms.ActiveCfg = Release|Any CPU
		{FA840060-8A0A-419E-A373-BBEA55206BE4}.AppStore|Mixed Platforms.Build.0 = Release|Any CPU
		{FA840060-8A0A-419E-A373-BBEA55206BE4}.AppStore|x86.ActiveCfg = Release|Any CPU
		{FA840060-8A0A-419E-A373-BBEA55206BE4}.Debug|Any CPU.ActiveCfg = Debug|Any CPU
		{FA840060-8A0A-419E-A373-BBEA55206BE4}.Debug|Any CPU.Build.0 = Debug|Any CPU
		{FA840060-8A0A-419E-A373-BBEA55206BE4}.Debug|ARM.ActiveCfg = Debug|Any CPU
		{FA840060-8A0A-419E-A373-BBEA55206BE4}.Debug|iPhone.ActiveCfg = Debug|Any CPU
		{FA840060-8A0A-419E-A373-BBEA55206BE4}.Debug|iPhone.Build.0 = Debug|Any CPU
		{FA840060-8A0A-419E-A373-BBEA55206BE4}.Debug|iPhoneSimulator.ActiveCfg = Debug|Any CPU
		{FA840060-8A0A-419E-A373-BBEA55206BE4}.Debug|iPhoneSimulator.Build.0 = Debug|Any CPU
		{FA840060-8A0A-419E-A373-BBEA55206BE4}.Debug|Mixed Platforms.ActiveCfg = Debug|Any CPU
		{FA840060-8A0A-419E-A373-BBEA55206BE4}.Debug|Mixed Platforms.Build.0 = Debug|Any CPU
		{FA840060-8A0A-419E-A373-BBEA55206BE4}.Debug|x86.ActiveCfg = Debug|Any CPU
		{FA840060-8A0A-419E-A373-BBEA55206BE4}.Debug|x86.Build.0 = Debug|Any CPU
		{FA840060-8A0A-419E-A373-BBEA55206BE4}.Release|Any CPU.ActiveCfg = Release|Any CPU
		{FA840060-8A0A-419E-A373-BBEA55206BE4}.Release|Any CPU.Build.0 = Release|Any CPU
		{FA840060-8A0A-419E-A373-BBEA55206BE4}.Release|ARM.ActiveCfg = Release|Any CPU
		{FA840060-8A0A-419E-A373-BBEA55206BE4}.Release|iPhone.ActiveCfg = Release|Any CPU
		{FA840060-8A0A-419E-A373-BBEA55206BE4}.Release|iPhoneSimulator.ActiveCfg = Release|Any CPU
		{FA840060-8A0A-419E-A373-BBEA55206BE4}.Release|Mixed Platforms.ActiveCfg = Release|Any CPU
		{FA840060-8A0A-419E-A373-BBEA55206BE4}.Release|Mixed Platforms.Build.0 = Release|Any CPU
		{FA840060-8A0A-419E-A373-BBEA55206BE4}.Release|x86.ActiveCfg = Release|Any CPU
		{B19B535B-CEB6-4DE1-A742-5AF4928D154C}.Ad-Hoc|Any CPU.ActiveCfg = Release|Any CPU
		{B19B535B-CEB6-4DE1-A742-5AF4928D154C}.Ad-Hoc|Any CPU.Build.0 = Release|Any CPU
		{B19B535B-CEB6-4DE1-A742-5AF4928D154C}.Ad-Hoc|ARM.ActiveCfg = Release|Any CPU
		{B19B535B-CEB6-4DE1-A742-5AF4928D154C}.Ad-Hoc|iPhone.ActiveCfg = Release|Any CPU
		{B19B535B-CEB6-4DE1-A742-5AF4928D154C}.Ad-Hoc|iPhoneSimulator.ActiveCfg = Release|Any CPU
		{B19B535B-CEB6-4DE1-A742-5AF4928D154C}.Ad-Hoc|Mixed Platforms.ActiveCfg = Release|Any CPU
		{B19B535B-CEB6-4DE1-A742-5AF4928D154C}.Ad-Hoc|Mixed Platforms.Build.0 = Release|Any CPU
		{B19B535B-CEB6-4DE1-A742-5AF4928D154C}.Ad-Hoc|x86.ActiveCfg = Release|Any CPU
		{B19B535B-CEB6-4DE1-A742-5AF4928D154C}.AppStore|Any CPU.ActiveCfg = Release|Any CPU
		{B19B535B-CEB6-4DE1-A742-5AF4928D154C}.AppStore|Any CPU.Build.0 = Release|Any CPU
		{B19B535B-CEB6-4DE1-A742-5AF4928D154C}.AppStore|ARM.ActiveCfg = Release|Any CPU
		{B19B535B-CEB6-4DE1-A742-5AF4928D154C}.AppStore|iPhone.ActiveCfg = Release|Any CPU
		{B19B535B-CEB6-4DE1-A742-5AF4928D154C}.AppStore|iPhoneSimulator.ActiveCfg = Release|Any CPU
		{B19B535B-CEB6-4DE1-A742-5AF4928D154C}.AppStore|Mixed Platforms.ActiveCfg = Release|Any CPU
		{B19B535B-CEB6-4DE1-A742-5AF4928D154C}.AppStore|Mixed Platforms.Build.0 = Release|Any CPU
		{B19B535B-CEB6-4DE1-A742-5AF4928D154C}.AppStore|x86.ActiveCfg = Release|Any CPU
		{B19B535B-CEB6-4DE1-A742-5AF4928D154C}.Debug|Any CPU.ActiveCfg = Debug|Any CPU
		{B19B535B-CEB6-4DE1-A742-5AF4928D154C}.Debug|Any CPU.Build.0 = Debug|Any CPU
		{B19B535B-CEB6-4DE1-A742-5AF4928D154C}.Debug|ARM.ActiveCfg = Debug|Any CPU
		{B19B535B-CEB6-4DE1-A742-5AF4928D154C}.Debug|iPhone.ActiveCfg = Debug|Any CPU
		{B19B535B-CEB6-4DE1-A742-5AF4928D154C}.Debug|iPhone.Build.0 = Debug|Any CPU
		{B19B535B-CEB6-4DE1-A742-5AF4928D154C}.Debug|iPhoneSimulator.ActiveCfg = Debug|Any CPU
		{B19B535B-CEB6-4DE1-A742-5AF4928D154C}.Debug|iPhoneSimulator.Build.0 = Debug|Any CPU
		{B19B535B-CEB6-4DE1-A742-5AF4928D154C}.Debug|Mixed Platforms.ActiveCfg = Debug|Any CPU
		{B19B535B-CEB6-4DE1-A742-5AF4928D154C}.Debug|Mixed Platforms.Build.0 = Debug|Any CPU
		{B19B535B-CEB6-4DE1-A742-5AF4928D154C}.Debug|x86.ActiveCfg = Debug|Any CPU
		{B19B535B-CEB6-4DE1-A742-5AF4928D154C}.Debug|x86.Build.0 = Debug|Any CPU
		{B19B535B-CEB6-4DE1-A742-5AF4928D154C}.Release|Any CPU.ActiveCfg = Release|Any CPU
		{B19B535B-CEB6-4DE1-A742-5AF4928D154C}.Release|Any CPU.Build.0 = Release|Any CPU
		{B19B535B-CEB6-4DE1-A742-5AF4928D154C}.Release|ARM.ActiveCfg = Release|Any CPU
		{B19B535B-CEB6-4DE1-A742-5AF4928D154C}.Release|iPhone.ActiveCfg = Release|Any CPU
		{B19B535B-CEB6-4DE1-A742-5AF4928D154C}.Release|iPhoneSimulator.ActiveCfg = Release|Any CPU
		{B19B535B-CEB6-4DE1-A742-5AF4928D154C}.Release|Mixed Platforms.ActiveCfg = Release|Any CPU
		{B19B535B-CEB6-4DE1-A742-5AF4928D154C}.Release|Mixed Platforms.Build.0 = Release|Any CPU
		{B19B535B-CEB6-4DE1-A742-5AF4928D154C}.Release|x86.ActiveCfg = Release|Any CPU
	EndGlobalSection
	GlobalSection(SolutionProperties) = preSolution
		HideSolutionNode = FALSE
	EndGlobalSection
EndGlobal
